version = 1
revision = 3
requires-python = ">=3.13"

[[package]]
name = "ailock"
version = "0.1.0"
source = { editable = "." }
dependencies = [
    { name = "numpy" },
    { name = "onnxruntime" },
    { name = "opencv-python-headless" },
    { name = "pyside6-essentials" },
]

[package.metadata]
requires-dist = [
    { name = "numpy", specifier = ">=2.4.4" },
    { name = "onnxruntime", specifier = ">=1.25.1" },
    { name = "opencv-python-headless", specifier = ">=4.13.0.92" },
    { name = "pyside6-essentials", specifier = ">=6.10.0" },
]

[[package]]
name = "flatbuffers"
version = "25.12.19"
source = { registry = "https://pypi.tuna.tsinghua.edu.cn/simple" }
wheels = [
    { url = "https://pypi.tuna.tsinghua.edu.cn/packages/e8/2d/d2a548598be01649e2d46231d151a6c56d10b964d94043a335ae56ea2d92/flatbuffers-25.12.19-py2.py3-none-any.whl", hash = "sha256:7634f50c427838bb021c2d66a3d1168e9d199b0607e6329399f04846d42e20b4", size = 26661, upload-time = "2025-12-19T23:16:13.622Z" },
]

[[package]]
name = "numpy"
version = "2.4.4"
source = { registry = "https://pypi.tuna.tsinghua.edu.cn/simple" }
sdist = { url = "https://pypi.tuna.tsinghua.edu.cn/packages/d7/9f/b8cef5bffa569759033adda9481211426f12f53299629b410340795c2514/numpy-2.4.4.tar.gz", hash = "sha256:2d390634c5182175533585cc89f3608a4682ccb173cc9bb940b2881c8d6f8fa0", size = 20731587, upload-time = "2026-03-29T13:22:01.298Z" }
wheels = [
    { url = "https://pypi.tuna.tsinghua.edu.cn/packages/14/1d/d0a583ce4fefcc3308806a749a536c201ed6b5ad6e1322e227ee4848979d/numpy-2.4.4-cp313-cp313-macosx_10_13_x86_64.whl", hash = "sha256:08f2e31ed5e6f04b118e49821397f12767934cfdd12a1ce86a058f91e004ee50", size = 16684933, upload-time = "2026-03-29T13:19:22.47Z" },
    { url = "https://pypi.tuna.tsinghua.edu.cn/packages/c1/62/2b7a48fbb745d344742c0277f01286dead15f3f68e4f359fbfcf7b48f70f/numpy-2.4.4-cp313-cp313-macosx_11_0_arm64.whl", hash = "sha256:e823b8b6edc81e747526f70f71a9c0a07ac4e7ad13020aa736bb7c9d67196115", size = 14694532, upload-time = "2026-03-29T13:19:25.581Z" },
    { url = "https://pypi.tuna.tsinghua.edu.cn/packages/e5/87/499737bfba066b4a3bebff24a8f1c5b2dee410b209bc6668c9be692580f0/numpy-2.4.4-cp313-cp313-macosx_14_0_arm64.whl", hash = "sha256:4a19d9dba1a76618dd86b164d608566f393f8ec6ac7c44f0cc879011c45e65af", size = 5199661, upload-time = "2026-03-29T13:19:28.31Z" },
    { url = "https://pypi.tuna.tsinghua.edu.cn/packages/cd/da/464d551604320d1491bc345efed99b4b7034143a85787aab78d5691d5a0e/numpy-2.4.4-cp313-cp313-macosx_14_0_x86_64.whl", hash = "sha256:d2a8490669bfe99a233298348acc2d824d496dee0e66e31b66a6022c2ad74a5c", size = 6547539, upload-time = "2026-03-29T13:19:30.97Z" },
    { url = "https://pypi.tuna.tsinghua.edu.cn/packages/7d/90/8d23e3b0dafd024bf31bdec225b3bb5c2dbfa6912f8a53b8659f21216cbf/numpy-2.4.4-cp313-cp313-manylinux_2_27_aarch64.manylinux_2_28_aarch64.whl", hash = "sha256:45dbed2ab436a9e826e302fcdcbe9133f9b0006e5af7168afb8963a6520da103", size = 15668806, upload-time = "2026-03-29T13:19:33.887Z" },
    { url = "https://pypi.tuna.tsinghua.edu.cn/packages/d1/73/a9d864e42a01896bb5974475438f16086be9ba1f0d19d0bb7a07427c4a8b/numpy-2.4.4-cp313-cp313-manylinux_2_27_x86_64.manylinux_2_28_x86_64.whl", hash = "sha256:c901b15172510173f5cb310eae652908340f8dede90fff9e3bf6c0d8dfd92f83", size = 16632682, upload-time = "2026-03-29T13:19:37.336Z" },
    { url = "https://pypi.tuna.tsinghua.edu.cn/packages/34/fb/14570d65c3bde4e202a031210475ae9cde9b7686a2e7dc97ee67d2833b35/numpy-2.4.4-cp313-cp313-musllinux_1_2_aarch64.whl", hash = "sha256:99d838547ace2c4aace6c4f76e879ddfe02bb58a80c1549928477862b7a6d6ed", size = 17019810, upload-time = "2026-03-29T13:19:40.963Z" },
    { url = "https://pypi.tuna.tsinghua.edu.cn/packages/8a/77/2ba9d87081fd41f6d640c83f26fb7351e536b7ce6dd9061b6af5904e8e46/numpy-2.4.4-cp313-cp313-musllinux_1_2_x86_64.whl", hash = "sha256:0aec54fd785890ecca25a6003fd9a5aed47ad607bbac5cd64f836ad8666f4959", size = 18357394, upload-time = "2026-03-29T13:19:44.859Z" },
    { url = "https://pypi.tuna.tsinghua.edu.cn/packages/a2/23/52666c9a41708b0853fa3b1a12c90da38c507a3074883823126d4e9d5b30/numpy-2.4.4-cp313-cp313-win32.whl", hash = "sha256:07077278157d02f65c43b1b26a3886bce886f95d20aabd11f87932750dfb14ed", size = 5959556, upload-time = "2026-03-29T13:19:47.661Z" },
    { url = "https://pypi.tuna.tsinghua.edu.cn/packages/57/fb/48649b4971cde70d817cf97a2a2fdc0b4d8308569f1dd2f2611959d2e0cf/numpy-2.4.4-cp313-cp313-win_amd64.whl", hash = "sha256:5c70f1cc1c4efbe316a572e2d8b9b9cc44e89b95f79ca3331553fbb63716e2bf", size = 12317311, upload-time = "2026-03-29T13:19:50.67Z" },
    { url = "https://pypi.tuna.tsinghua.edu.cn/packages/ba/d8/11490cddd564eb4de97b4579ef6bfe6a736cc07e94c1598590ae25415e01/numpy-2.4.4-cp313-cp313-win_arm64.whl", hash = "sha256:ef4059d6e5152fa1a39f888e344c73fdc926e1b2dd58c771d67b0acfbf2aa67d", size = 10222060, upload-time = "2026-03-29T13:19:54.229Z" },
    { url = "https://pypi.tuna.tsinghua.edu.cn/packages/99/5d/dab4339177a905aad3e2221c915b35202f1ec30d750dd2e5e9d9a72b804b/numpy-2.4.4-cp313-cp313t-macosx_11_0_arm64.whl", hash = "sha256:4bbc7f303d125971f60ec0aaad5e12c62d0d2c925f0ab1273debd0e4ba37aba5", size = 14822302, upload-time = "2026-03-29T13:19:57.585Z" },
    { url = "https://pypi.tuna.tsinghua.edu.cn/packages/eb/e4/0564a65e7d3d97562ed6f9b0fd0fb0a6f559ee444092f105938b50043876/numpy-2.4.4-cp313-cp313t-macosx_14_0_arm64.whl", hash = "sha256:4d6d57903571f86180eb98f8f0c839fa9ebbfb031356d87f1361be91e433f5b7", size = 5327407, upload-time = "2026-03-29T13:20:00.601Z" },
    { url = "https://pypi.tuna.tsinghua.edu.cn/packages/29/8d/35a3a6ce5ad371afa58b4700f1c820f8f279948cca32524e0a695b0ded83/numpy-2.4.4-cp313-cp313t-macosx_14_0_x86_64.whl", hash = "sha256:4636de7fd195197b7535f231b5de9e4b36d2c440b6e566d2e4e4746e6af0ca93", size = 6647631, upload-time = "2026-03-29T13:20:02.855Z" },
    { url = "https://pypi.tuna.tsinghua.edu.cn/packages/f4/da/477731acbd5a58a946c736edfdabb2ac5b34c3d08d1ba1a7b437fa0884df/numpy-2.4.4-cp313-cp313t-manylinux_2_27_aarch64.manylinux_2_28_aarch64.whl", hash = "sha256:ad2e2ef14e0b04e544ea2fa0a36463f847f113d314aa02e5b402fdf910ef309e", size = 15727691, upload-time = "2026-03-29T13:20:06.004Z" },
    { url = "https://pypi.tuna.tsinghua.edu.cn/packages/e6/db/338535d9b152beabeb511579598418ba0212ce77cf9718edd70262cc4370/numpy-2.4.4-cp313-cp313t-manylinux_2_27_x86_64.manylinux_2_28_x86_64.whl", hash = "sha256:5a285b3b96f951841799528cd1f4f01cd70e7e0204b4abebac9463eecfcf2a40", size = 16681241, upload-time = "2026-03-29T13:20:09.417Z" },
    { url = "https://pypi.tuna.tsinghua.edu.cn/packages/e2/a9/ad248e8f58beb7a0219b413c9c7d8151c5d285f7f946c3e26695bdbbe2df/numpy-2.4.4-cp313-cp313t-musllinux_1_2_aarch64.whl", hash = "sha256:f8474c4241bc18b750be2abea9d7a9ec84f46ef861dbacf86a4f6e043401f79e", size = 17085767, upload-time = "2026-03-29T13:20:13.126Z" },
    { url = "https://pypi.tuna.tsinghua.edu.cn/packages/b5/1a/3b88ccd3694681356f70da841630e4725a7264d6a885c8d442a697e1146b/numpy-2.4.4-cp313-cp313t-musllinux_1_2_x86_64.whl", hash = "sha256:4e874c976154687c1f71715b034739b45c7711bec81db01914770373d125e392", size = 18403169, upload-time = "2026-03-29T13:20:17.096Z" },
    { url = "https://pypi.tuna.tsinghua.edu.cn/packages/c2/c9/fcfd5d0639222c6eac7f304829b04892ef51c96a75d479214d77e3ce6e33/numpy-2.4.4-cp313-cp313t-win32.whl", hash = "sha256:9c585a1790d5436a5374bac930dad6ed244c046ed91b2b2a3634eb2971d21008", size = 6083477, upload-time = "2026-03-29T13:20:20.195Z" },
    { url = "https://pypi.tuna.tsinghua.edu.cn/packages/d5/e3/3938a61d1c538aaec8ed6fd6323f57b0c2d2d2219512434c5c878db76553/numpy-2.4.4-cp313-cp313t-win_amd64.whl", hash = "sha256:93e15038125dc1e5345d9b5b68aa7f996ec33b98118d18c6ca0d0b7d6198b7e8", size = 12457487, upload-time = "2026-03-29T13:20:22.946Z" },
    { url = "https://pypi.tuna.tsinghua.edu.cn/packages/97/6a/7e345032cc60501721ef94e0e30b60f6b0bd601f9174ebd36389a2b86d40/numpy-2.4.4-cp313-cp313t-win_arm64.whl", hash = "sha256:0dfd3f9d3adbe2920b68b5cd3d51444e13a10792ec7154cd0a2f6e74d4ab3233", size = 10292002, upload-time = "2026-03-29T13:20:25.909Z" },
    { url = "https://pypi.tuna.tsinghua.edu.cn/packages/6e/06/c54062f85f673dd5c04cbe2f14c3acb8c8b95e3384869bb8cc9bff8cb9df/numpy-2.4.4-cp314-cp314-macosx_10_15_x86_64.whl", hash = "sha256:f169b9a863d34f5d11b8698ead99febeaa17a13ca044961aa8e2662a6c7766a0", size = 16684353, upload-time = "2026-03-29T13:20:29.504Z" },
    { url = "https://pypi.tuna.tsinghua.edu.cn/packages/4c/39/8a320264a84404c74cc7e79715de85d6130fa07a0898f67fb5cd5bd79908/numpy-2.4.4-cp314-cp314-macosx_11_0_arm64.whl", hash = "sha256:2483e4584a1cb3092da4470b38866634bafb223cbcd551ee047633fd2584599a", size = 14704914, upload-time = "2026-03-29T13:20:33.547Z" },
    { url = "https://pypi.tuna.tsinghua.edu.cn/packages/91/fb/287076b2614e1d1044235f50f03748f31fa287e3dbe6abeb35cdfa351eca/numpy-2.4.4-cp314-cp314-macosx_14_0_arm64.whl", hash = "sha256:2d19e6e2095506d1736b7d80595e0f252d76b89f5e715c35e06e937679ea7d7a", size = 5210005, upload-time = "2026-03-29T13:20:36.45Z" },
    { url = "https://pypi.tuna.tsinghua.edu.cn/packages/63/eb/fcc338595309910de6ecabfcef2419a9ce24399680bfb149421fa2df1280/numpy-2.4.4-cp314-cp314-macosx_14_0_x86_64.whl", hash = "sha256:6a246d5914aa1c820c9443ddcee9c02bec3e203b0c080349533fae17727dfd1b", size = 6544974, upload-time = "2026-03-29T13:20:39.014Z" },
    { url = "https://pypi.tuna.tsinghua.edu.cn/packages/44/5d/e7e9044032a716cdfaa3fba27a8e874bf1c5f1912a1ddd4ed071bf8a14a6/numpy-2.4.4-cp314-cp314-manylinux_2_27_aarch64.manylinux_2_28_aarch64.whl", hash = "sha256:989824e9faf85f96ec9c7761cd8d29c531ad857bfa1daa930cba85baaecf1a9a", size = 15684591, upload-time = "2026-03-29T13:20:42.146Z" },
    { url = "https://pypi.tuna.tsinghua.edu.cn/packages/98/7c/21252050676612625449b4807d6b695b9ce8a7c9e1c197ee6216c8a65c7c/numpy-2.4.4-cp314-cp314-manylinux_2_27_x86_64.manylinux_2_28_x86_64.whl", hash = "sha256:27a8d92cd10f1382a67d7cf4db7ce18341b66438bdd9f691d7b0e48d104c2a9d", size = 16637700, upload-time = "2026-03-29T13:20:46.204Z" },
    { url = "https://pypi.tuna.tsinghua.edu.cn/packages/b1/29/56d2bbef9465db24ef25393383d761a1af4f446a1df9b8cded4fe3a5a5d7/numpy-2.4.4-cp314-cp314-musllinux_1_2_aarch64.whl", hash = "sha256:e44319a2953c738205bf3354537979eaa3998ed673395b964c1176083dd46252", size = 17035781, upload-time = "2026-03-29T13:20:50.242Z" },
    { url = "https://pypi.tuna.tsinghua.edu.cn/packages/e3/2b/a35a6d7589d21f44cea7d0a98de5ddcbb3d421b2622a5c96b1edf18707c3/numpy-2.4.4-cp314-cp314-musllinux_1_2_x86_64.whl", hash = "sha256:e892aff75639bbef0d2a2cfd55535510df26ff92f63c92cd84ef8d4ba5a5557f", size = 18362959, upload-time = "2026-03-29T13:20:54.019Z" },
    { url = "https://pypi.tuna.tsinghua.edu.cn/packages/64/c9/d52ec581f2390e0f5f85cbfd80fb83d965fc15e9f0e1aec2195faa142cde/numpy-2.4.4-cp314-cp314-win32.whl", hash = "sha256:1378871da56ca8943c2ba674530924bb8ca40cd228358a3b5f302ad60cf875fc", size = 6008768, upload-time = "2026-03-29T13:20:56.912Z" },
    { url = "https://pypi.tuna.tsinghua.edu.cn/packages/fa/22/4cc31a62a6c7b74a8730e31a4274c5dc80e005751e277a2ce38e675e4923/numpy-2.4.4-cp314-cp314-win_amd64.whl", hash = "sha256:715d1c092715954784bc79e1174fc2a90093dc4dc84ea15eb14dad8abdcdeb74", size = 12449181, upload-time = "2026-03-29T13:20:59.548Z" },
    { url = "https://pypi.tuna.tsinghua.edu.cn/packages/70/2e/14cda6f4d8e396c612d1bf97f22958e92148801d7e4f110cabebdc0eef4b/numpy-2.4.4-cp314-cp314-win_arm64.whl", hash = "sha256:2c194dd721e54ecad9ad387c1d35e63dce5c4450c6dc7dd5611283dda239aabb", size = 10496035, upload-time = "2026-03-29T13:21:02.524Z" },
    { url = "https://pypi.tuna.tsinghua.edu.cn/packages/b1/e8/8fed8c8d848d7ecea092dc3469643f9d10bc3a134a815a3b033da1d2039b/numpy-2.4.4-cp314-cp314t-macosx_11_0_arm64.whl", hash = "sha256:2aa0613a5177c264ff5921051a5719d20095ea586ca88cc802c5c218d1c67d3e", size = 14824958, upload-time = "2026-03-29T13:21:05.671Z" },
    { url = "https://pypi.tuna.tsinghua.edu.cn/packages/05/1a/d8007a5138c179c2bf33ef44503e83d70434d2642877ee8fbb230e7c0548/numpy-2.4.4-cp314-cp314t-macosx_14_0_arm64.whl", hash = "sha256:42c16925aa5a02362f986765f9ebabf20de75cdefdca827d14315c568dcab113", size = 5330020, upload-time = "2026-03-29T13:21:08.635Z" },
    { url = "https://pypi.tuna.tsinghua.edu.cn/packages/99/64/ffb99ac6ae93faf117bcbd5c7ba48a7f45364a33e8e458545d3633615dda/numpy-2.4.4-cp314-cp314t-macosx_14_0_x86_64.whl", hash = "sha256:874f200b2a981c647340f841730fc3a2b54c9d940566a3c4149099591e2c4c3d", size = 6650758, upload-time = "2026-03-29T13:21:10.949Z" },
    { url = "https://pypi.tuna.tsinghua.edu.cn/packages/6e/6e/795cc078b78a384052e73b2f6281ff7a700e9bf53bcce2ee579d4f6dd879/numpy-2.4.4-cp314-cp314t-manylinux_2_27_aarch64.manylinux_2_28_aarch64.whl", hash = "sha256:c9b39d38a9bd2ae1becd7eac1303d031c5c110ad31f2b319c6e7d98b135c934d", size = 15729948, upload-time = "2026-03-29T13:21:14.047Z" },
    { url = "https://pypi.tuna.tsinghua.edu.cn/packages/5f/86/2acbda8cc2af5f3d7bfc791192863b9e3e19674da7b5e533fded124d1299/numpy-2.4.4-cp314-cp314t-manylinux_2_27_x86_64.manylinux_2_28_x86_64.whl", hash = "sha256:b268594bccac7d7cf5844c7732e3f20c50921d94e36d7ec9b79e9857694b1b2f", size = 16679325, upload-time = "2026-03-29T13:21:17.561Z" },
    { url = "https://pypi.tuna.tsinghua.edu.cn/packages/bc/59/cafd83018f4aa55e0ac6fa92aa066c0a1877b77a615ceff1711c260ffae8/numpy-2.4.4-cp314-cp314t-musllinux_1_2_aarch64.whl", hash = "sha256:ac6b31e35612a26483e20750126d30d0941f949426974cace8e6b5c58a3657b0", size = 17084883, upload-time = "2026-03-29T13:21:21.106Z" },
    { url = "https://pypi.tuna.tsinghua.edu.cn/packages/f0/85/a42548db84e65ece46ab2caea3d3f78b416a47af387fcbb47ec28e660dc2/numpy-2.4.4-cp314-cp314t-musllinux_1_2_x86_64.whl", hash = "sha256:8e3ed142f2728df44263aaf5fb1f5b0b99f4070c553a0d7f033be65338329150", size = 18403474, upload-time = "2026-03-29T13:21:24.828Z" },
    { url = "https://pypi.tuna.tsinghua.edu.cn/packages/ed/ad/483d9e262f4b831000062e5d8a45e342166ec8aaa1195264982bca267e62/numpy-2.4.4-cp314-cp314t-win32.whl", hash = "sha256:dddbbd259598d7240b18c9d87c56a9d2fb3b02fe266f49a7c101532e78c1d871", size = 6155500, upload-time = "2026-03-29T13:21:28.205Z" },
    { url = "https://pypi.tuna.tsinghua.edu.cn/packages/c7/03/2fc4e14c7bd4ff2964b74ba90ecb8552540b6315f201df70f137faa5c589/numpy-2.4.4-cp314-cp314t-win_amd64.whl", hash = "sha256:a7164afb23be6e37ad90b2f10426149fd75aee07ca55653d2aa41e66c4ef697e", size = 12637755, upload-time = "2026-03-29T13:21:31.107Z" },
    { url = "https://pypi.tuna.tsinghua.edu.cn/packages/58/78/548fb8e07b1a341746bfbecb32f2c268470f45fa028aacdbd10d9bc73aab/numpy-2.4.4-cp314-cp314t-win_arm64.whl", hash = "sha256:ba203255017337d39f89bdd58417f03c4426f12beed0440cfd933cb15f8669c7", size = 10566643, upload-time = "2026-03-29T13:21:34.339Z" },
]

[[package]]
name = "onnxruntime"
version = "1.25.1"
source = { registry = "https://pypi.tuna.tsinghua.edu.cn/simple" }
dependencies = [
    { name = "flatbuffers" },
    { name = "numpy" },
    { name = "packaging" },
    { name = "protobuf" },
]
wheels = [
    { url = "https://pypi.tuna.tsinghua.edu.cn/packages/d2/ee/db3ac55ef770347a926ac0f1317df0ab42c8bc604350833b30c7356bf936/onnxruntime-1.25.1-cp313-cp313-macosx_14_0_arm64.whl", hash = "sha256:e9d9b3b1694196bc3c5bc66f760a237a5e27d7688aaa2e2c9c0f66abd0486699", size = 17770761, upload-time = "2026-04-27T21:59:54.853Z" },
    { url = "https://pypi.tuna.tsinghua.edu.cn/packages/dc/9a/33225481a94a59906fce44e27ab12fc3bddd2aaecdc6160bd73341ca1aba/onnxruntime-1.25.1-cp313-cp313-manylinux_2_27_aarch64.manylinux_2_28_aarch64.whl", hash = "sha256:311d29b943e46a55ca72ca1ea48d7815c993122bfc359f68215fddeb9583fff4", size = 15871542, upload-time = "2026-04-27T21:59:41.881Z" },
    { url = "https://pypi.tuna.tsinghua.edu.cn/packages/8b/09/f20aac60f6fcf840543be54d4e9252cfeb7e8c2bb6d22477aaeb180e763e/onnxruntime-1.25.1-cp313-cp313-manylinux_2_27_x86_64.manylinux_2_28_x86_64.whl", hash = "sha256:98016a038b31160db23208706139fa3b99cd60bc1c5ffdade77aafd6a37a92ad", size = 18036960, upload-time = "2026-04-27T22:00:10.739Z" },
    { url = "https://pypi.tuna.tsinghua.edu.cn/packages/50/83/47964ac7e2f7e2f9e83c69ec466642c6835466252cc2ef0561eafeb56b66/onnxruntime-1.25.1-cp313-cp313-win_amd64.whl", hash = "sha256:08717d6eee2820807ba60b1b17032af207bd7aaca5b6c4abaee71f83feae877b", size = 12904886, upload-time = "2026-04-27T22:00:39.878Z" },
    { url = "https://pypi.tuna.tsinghua.edu.cn/packages/d4/6c/a6c5aea47dc95fca7728f8a5af67c184ec9e7d4e7882125c7062e4bba8dd/onnxruntime-1.25.1-cp313-cp313-win_arm64.whl", hash = "sha256:84f8963d70e00167bae273ab7e80e9795bfc5eb94f6b23236a99c5c11af00844", size = 12634117, upload-time = "2026-04-27T22:00:29.15Z" },
    { url = "https://pypi.tuna.tsinghua.edu.cn/packages/a8/8a/3b65e7911eec86c125e3d6f43d690a6f68671500543c0390ecd6eb59b771/onnxruntime-1.25.1-cp313-cp313t-manylinux_2_27_aarch64.manylinux_2_28_aarch64.whl", hash = "sha256:03e800b3a4b48d9f3a2d23aacc4fa95486a3b406b14e51d1a9b8b6981d9adf9c", size = 15882935, upload-time = "2026-04-27T21:59:44.912Z" },
    { url = "https://pypi.tuna.tsinghua.edu.cn/packages/3c/bb/410a760694f8ae7bbfc5fa81ccbeb7da241e6d520ee02a333a439cf462a2/onnxruntime-1.25.1-cp313-cp313t-manylinux_2_27_x86_64.manylinux_2_28_x86_64.whl", hash = "sha256:fd83ef5c10cfc051a1cb465db692d57b996a1bc75a2a97b161398e29cdbc47ff", size = 18021727, upload-time = "2026-04-27T22:00:13.846Z" },
    { url = "https://pypi.tuna.tsinghua.edu.cn/packages/fb/aa/04530bd38e31e26970fa1212346d76cf81705dc16a8ee5e6f4fb24634c11/onnxruntime-1.25.1-cp314-cp314-macosx_14_0_arm64.whl", hash = "sha256:395eb662c437fa2407f44266e4778b75bff261b17c2a6fef042421f9069f871d", size = 17773721, upload-time = "2026-04-27T21:59:59.24Z" },
    { url = "https://pypi.tuna.tsinghua.edu.cn/packages/ef/7f/ec79ab5cece6a688c944a7fa214a8511d548b9d5142a15d1a3d730b705f1/onnxruntime-1.25.1-cp314-cp314-manylinux_2_27_aarch64.manylinux_2_28_aarch64.whl", hash = "sha256:9ae85395f41b291ae3e61780ec5092640181d369ef6c268aa8141c478b509e69", size = 15875954, upload-time = "2026-04-27T21:59:49.394Z" },
    { url = "https://pypi.tuna.tsinghua.edu.cn/packages/67/fe/20428215d822099ea2c1e3cf35c295cf1a58f467bf18b6c607597a39c18a/onnxruntime-1.25.1-cp314-cp314-manylinux_2_27_x86_64.manylinux_2_28_x86_64.whl", hash = "sha256:828e1b12710fbedb6dfab5e7bae6f11563617cddf3c2e7e8d84c64de566a4a3a", size = 18038703, upload-time = "2026-04-27T22:00:16.199Z" },
    { url = "https://pypi.tuna.tsinghua.edu.cn/packages/5a/b1/b15db965e6a68bc47ca7eb584de4e6b3d2d2f484d46cc57f715b596f6528/onnxruntime-1.25.1-cp314-cp314-win_amd64.whl", hash = "sha256:2affc9d2fd9ab013b9c9637464e649a0cca870d57ae18bfef74180eee65c3369", size = 13218513, upload-time = "2026-04-27T22:00:42.506Z" },
    { url = "https://pypi.tuna.tsinghua.edu.cn/packages/5a/f9/25cd2d1b29cdc8140eee4afbb6fb930b69125526632b1d579bc747975306/onnxruntime-1.25.1-cp314-cp314-win_arm64.whl", hash = "sha256:3387d75d1a815b4b2495b4e47a05ef1b3bcb64a817ddc68587e0bfcb9702bcf6", size = 12969835, upload-time = "2026-04-27T22:00:31.504Z" },
    { url = "https://pypi.tuna.tsinghua.edu.cn/packages/8d/0e/6c507d1e65b2421fb44e241cbba577c7276792279485024fb1752b43f5c5/onnxruntime-1.25.1-cp314-cp314t-manylinux_2_27_aarch64.manylinux_2_28_aarch64.whl", hash = "sha256:06280b06604660595037f783c6d24bc70cbe5c6093975f194cd1482e77d450de", size = 15883298, upload-time = "2026-04-27T21:59:51.991Z" },
    { url = "https://pypi.tuna.tsinghua.edu.cn/packages/df/4e/1c9df57496409dc86b320bd38f29ad7a34b7115e4f35b8fca44a827568a7/onnxruntime-1.25.1-cp314-cp314t-manylinux_2_27_x86_64.manylinux_2_28_x86_64.whl", hash = "sha256:7e79fd5ce7db10ebcc24e020e2ed0159476e69e2326b9b7828e5aadcf6184212", size = 18021249, upload-time = "2026-04-27T22:00:18.954Z" },
]

[[package]]
name = "opencv-python-headless"
version = "4.13.0.92"
source = { registry = "https://pypi.tuna.tsinghua.edu.cn/simple" }
dependencies = [
    { name = "numpy" },
]
wheels = [
    { url = "https://pypi.tuna.tsinghua.edu.cn/packages/79/42/2310883be3b8826ac58c3f2787b9358a2d46923d61f88fedf930bc59c60c/opencv_python_headless-4.13.0.92-cp37-abi3-macosx_13_0_arm64.whl", hash = "sha256:1a7d040ac656c11b8c38677cc8cccdc149f98535089dbe5b081e80a4e5903209", size = 46247192, upload-time = "2026-02-05T07:01:35.187Z" },
    { url = "https://pypi.tuna.tsinghua.edu.cn/packages/2d/1e/6f9e38005a6f7f22af785df42a43139d0e20f169eb5787ce8be37ee7fcc9/opencv_python_headless-4.13.0.92-cp37-abi3-macosx_14_0_x86_64.whl", hash = "sha256:3e0a6f0a37994ec6ce5f59e936be21d5d6384a4556f2d2da9c2f9c5dc948394c", size = 32568914, upload-time = "2026-02-05T07:01:51.989Z" },
    { url = "https://pypi.tuna.tsinghua.edu.cn/packages/21/76/9417a6aef9def70e467a5bf560579f816148a4c658b7d525581b356eda9e/opencv_python_headless-4.13.0.92-cp37-abi3-manylinux2014_aarch64.manylinux_2_17_aarch64.whl", hash = "sha256:5c8cfc8e87ed452b5cecb9419473ee5560a989859fe1d10d1ce11ae87b09a2cb", size = 33703709, upload-time = "2026-02-05T10:24:46.469Z" },
    { url = "https://pypi.tuna.tsinghua.edu.cn/packages/92/ce/bd17ff5772938267fd49716e94ca24f616ff4cb1ff4c6be13085108037be/opencv_python_headless-4.13.0.92-cp37-abi3-manylinux2014_x86_64.manylinux_2_17_x86_64.whl", hash = "sha256:0525a3d2c0b46c611e2130b5fdebc94cf404845d8fa64d2f3a3b679572a5bd22", size = 56016764, upload-time = "2026-02-05T10:26:48.904Z" },
    { url = "https://pypi.tuna.tsinghua.edu.cn/packages/8f/b4/b7bcbf7c874665825a8c8e1097e93ea25d1f1d210a3e20d4451d01da30aa/opencv_python_headless-4.13.0.92-cp37-abi3-manylinux_2_28_aarch64.whl", hash = "sha256:eb60e36b237b1ebd40a912da5384b348df8ed534f6f644d8e0b4f103e272ba7d", size = 35010236, upload-time = "2026-02-05T10:28:11.031Z" },
    { url = "https://pypi.tuna.tsinghua.edu.cn/packages/4b/33/b5db29a6c00eb8f50708110d8d453747ca125c8b805bc437b289dbdcc057/opencv_python_headless-4.13.0.92-cp37-abi3-manylinux_2_28_x86_64.whl", hash = "sha256:0bd48544f77c68b2941392fcdf9bcd2b9cdf00e98cb8c29b2455d194763cf99e", size = 60391106, upload-time = "2026-02-05T10:30:14.236Z" },
    { url = "https://pypi.tuna.tsinghua.edu.cn/packages/fb/c3/52cfea47cd33e53e8c0fbd6e7c800b457245c1fda7d61660b4ffe9596a7f/opencv_python_headless-4.13.0.92-cp37-abi3-win32.whl", hash = "sha256:a7cf08e5b191f4ebb530791acc0825a7986e0d0dee2a3c491184bd8599848a4b", size = 30812232, upload-time = "2026-02-05T07:02:29.594Z" },
    { url = "https://pypi.tuna.tsinghua.edu.cn/packages/4a/90/b338326131ccb2aaa3c2c85d00f41822c0050139a4bfe723cfd95455bd2d/opencv_python_headless-4.13.0.92-cp37-abi3-win_amd64.whl", hash = "sha256:77a82fe35ddcec0f62c15f2ba8a12ecc2ed4207c17b0902c7a3151ae29f37fb6", size = 40070414, upload-time = "2026-02-05T07:02:26.448Z" },
]

[[package]]
name = "packaging"
version = "26.2"
source = { registry = "https://pypi.tuna.tsinghua.edu.cn/simple" }
sdist = { url = "https://pypi.tuna.tsinghua.edu.cn/packages/d7/f1/e7a6dd94a8d4a5626c03e4e99c87f241ba9e350cd9e6d75123f992427270/packaging-26.2.tar.gz", hash = "sha256:ff452ff5a3e828ce110190feff1178bb1f2ea2281fa2075aadb987c2fb221661", size = 228134, upload-time = "2026-04-24T20:15:23.917Z" }
wheels = [
    { url = "https://pypi.tuna.tsinghua.edu.cn/packages/df/b2/87e62e8c3e2f4b32e5fe99e0b86d576da1312593b39f47d8ceef365e95ed/packaging-26.2-py3-none-any.whl", hash = "sha256:5fc45236b9446107ff2415ce77c807cee2862cb6fac22b8a73826d0693b0980e", size = 100195, upload-time = "2026-04-24T20:15:22.081Z" },
]

[[package]]
name = "protobuf"
version = "7.34.1"
source = { registry = "https://pypi.tuna.tsinghua.edu.cn/simple" }
sdist = { url = "https://pypi.tuna.tsinghua.edu.cn/packages/6b/6b/a0e95cad1ad7cc3f2c6821fcab91671bd5b78bd42afb357bb4765f29bc41/protobuf-7.34.1.tar.gz", hash = "sha256:9ce42245e704cc5027be797c1db1eb93184d44d1cdd71811fb2d9b25ad541280", size = 454708, upload-time = "2026-03-20T17:34:47.036Z" }
wheels = [
    { url = "https://pypi.tuna.tsinghua.edu.cn/packages/ec/11/3325d41e6ee15bf1125654301211247b042563bcc898784351252549a8ad/protobuf-7.34.1-cp310-abi3-macosx_10_9_universal2.whl", hash = "sha256:d8b2cc79c4d8f62b293ad9b11ec3aebce9af481fa73e64556969f7345ebf9fc7", size = 429247, upload-time = "2026-03-20T17:34:37.024Z" },
    { url = "https://pypi.tuna.tsinghua.edu.cn/packages/eb/9d/aa69df2724ff63efa6f72307b483ce0827f4347cc6d6df24b59e26659fef/protobuf-7.34.1-cp310-abi3-manylinux2014_aarch64.whl", hash = "sha256:5185e0e948d07abe94bb76ec9b8416b604cfe5da6f871d67aad30cbf24c3110b", size = 325753, upload-time = "2026-03-20T17:34:38.751Z" },
    { url = "https://pypi.tuna.tsinghua.edu.cn/packages/92/e8/d174c91fd48e50101943f042b09af9029064810b734e4160bbe282fa1caa/protobuf-7.34.1-cp310-abi3-manylinux2014_s390x.whl", hash = "sha256:403b093a6e28a960372b44e5eb081775c9b056e816a8029c61231743d63f881a", size = 340198, upload-time = "2026-03-20T17:34:39.871Z" },
    { url = "https://pypi.tuna.tsinghua.edu.cn/packages/53/1b/3b431694a4dc6d37b9f653f0c64b0a0d9ec074ee810710c0c3da21d67ba7/protobuf-7.34.1-cp310-abi3-manylinux2014_x86_64.whl", hash = "sha256:8ff40ce8cd688f7265326b38d5a1bed9bfdf5e6723d49961432f83e21d5713e4", size = 324267, upload-time = "2026-03-20T17:34:41.1Z" },
    { url = "https://pypi.tuna.tsinghua.edu.cn/packages/85/29/64de04a0ac142fb685fd09999bc3d337943fb386f3a0ec57f92fd8203f97/protobuf-7.34.1-cp310-abi3-win32.whl", hash = "sha256:34b84ce27680df7cca9f231043ada0daa55d0c44a2ddfaa58ec1d0d89d8bf60a", size = 426628, upload-time = "2026-03-20T17:34:42.536Z" },
    { url = "https://pypi.tuna.tsinghua.edu.cn/packages/4d/87/cb5e585192a22b8bd457df5a2c16a75ea0db9674c3a0a39fc9347d84e075/protobuf-7.34.1-cp310-abi3-win_amd64.whl", hash = "sha256:e97b55646e6ce5cbb0954a8c28cd39a5869b59090dfaa7df4598a7fba869468c", size = 437901, upload-time = "2026-03-20T17:34:44.112Z" },
    { url = "https://pypi.tuna.tsinghua.edu.cn/packages/88/95/608f665226bca68b736b79e457fded9a2a38c4f4379a4a7614303d9db3bc/protobuf-7.34.1-py3-none-any.whl", hash = "sha256:bb3812cd53aefea2b028ef42bd780f5b96407247f20c6ef7c679807e9d188f11", size = 170715, upload-time = "2026-03-20T17:34:45.384Z" },
]

[[package]]
name = "pyside6-essentials"
version = "6.11.0"
source = { registry = "https://pypi.tuna.tsinghua.edu.cn/simple" }
dependencies = [
    { name = "shiboken6" },
]
wheels = [
    { url = "https://pypi.tuna.tsinghua.edu.cn/packages/d2/00/8a8583d3429c737cc20e61a43eba8ab1ec13ddb101e99802c2ffeedf3b41/pyside6_essentials-6.11.0-cp310-abi3-macosx_13_0_universal2.whl", hash = "sha256:85d6ca87ef35fa6565d385ede72ae48420dd3f63113929d10fc800f6b0360e01", size = 108085251, upload-time = "2026-03-23T12:42:52.872Z" },
    { url = "https://pypi.tuna.tsinghua.edu.cn/packages/f3/a9/07c9e5c014b871c1b19caf8f994bcd50b345559b81f81671217b49559b67/pyside6_essentials-6.11.0-cp310-abi3-manylinux_2_34_x86_64.whl", hash = "sha256:dc20e7afd5fc6fe51297db91cef997ce60844be578f7a49fc61b7ab9657a8849", size = 78316055, upload-time = "2026-03-23T12:43:04.19Z" },
    { url = "https://pypi.tuna.tsinghua.edu.cn/packages/7c/35/f06b1b641d7600ec46374c16cd37c66fa4a22870326b4eb073a95471035f/pyside6_essentials-6.11.0-cp310-abi3-manylinux_2_39_aarch64.whl", hash = "sha256:4854cb0a1b061e7a576d8fb7bb7cf9f49540d558b1acb7df0742a7afefe61e4e", size = 77380821, upload-time = "2026-03-23T12:43:24.649Z" },
    { url = "https://pypi.tuna.tsinghua.edu.cn/packages/ff/37/ba95c6262836d2b286b4e05a9d16a5e870995d5d2503ac6adc6312208049/pyside6_essentials-6.11.0-cp310-abi3-win_amd64.whl", hash = "sha256:3b3362882ad9389357a80504e600180006a957731fec05786fced7b038461fdf", size = 75793322, upload-time = "2026-03-23T12:43:35.575Z" },
    { url = "https://pypi.tuna.tsinghua.edu.cn/packages/53/27/d17f25e45820e633a70e6109b35991eda09a5e8000c2a306f0ab7538d48c/pyside6_essentials-6.11.0-cp310-abi3-win_arm64.whl", hash = "sha256:81ca603dbf21bc39f89bb42db215c25ebe0c879a1a4c387625c321d2730ec187", size = 56337457, upload-time = "2026-03-23T12:43:43.573Z" },
]

[[package]]
name = "shiboken6"
version = "6.11.0"
source = { registry = "https://pypi.tuna.tsinghua.edu.cn/simple" }
wheels = [
    { url = "https://pypi.tuna.tsinghua.edu.cn/packages/82/1d/b56b7b694fbc871496435488d1f41c5068de546334850d722756511cef65/shiboken6-6.11.0-cp310-abi3-macosx_13_0_universal2.whl", hash = "sha256:d88e8a1eb705f2b9ad21db08a61ae1dc0c773e5cd86a069de0754c4cf1f9b43b", size = 476085, upload-time = "2026-03-23T12:47:05.724Z" },
    { url = "https://pypi.tuna.tsinghua.edu.cn/packages/65/cb/4bb0c76011166230daa7c0074aeb3fdb3935c83ac1fef3789b85fcd1a8fc/shiboken6-6.11.0-cp310-abi3-manylinux_2_34_x86_64.whl", hash = "sha256:ad54e64f8192ddbdff0c54ac82b89edcd62ed623f502ea21c960541d19514053", size = 271055, upload-time = "2026-03-23T12:47:07.349Z" },
    { url = "https://pypi.tuna.tsinghua.edu.cn/packages/f5/96/771a6e2b530f725303d16d78a321fa4876b98b4f3615c9851880df8c1a43/shiboken6-6.11.0-cp310-abi3-manylinux_2_39_aarch64.whl", hash = "sha256:a10dc7718104ea2dc15d5b0b96909b77162ce1c76fcc6968e6df692b947a00e9", size = 267456, upload-time = "2026-03-23T12:47:08.689Z" },
    { url = "https://pypi.tuna.tsinghua.edu.cn/packages/72/f7/44c0c42c3f5f29dec457fd46ea0552174bcb8aa75becf03bbd90308ba07b/shiboken6-6.11.0-cp310-abi3-win_amd64.whl", hash = "sha256:483ff78a73c7b3189ca924abc694318084f078bcfeaffa68e32024ff2d025ee1", size = 1222132, upload-time = "2026-03-23T12:47:10.143Z" },
    { url = "https://pypi.tuna.tsinghua.edu.cn/packages/fb/99/6e5ee21db2d6af84bbbd7d871d441dafeb069c6de5667b1aa49891a77c66/shiboken6-6.11.0-cp310-abi3-win_arm64.whl", hash = "sha256:3bd76cf56105ab2d62ecaff630366f11264f69b88d488f10f048da9a065781f4", size = 1783186, upload-time = "2026-03-23T12:47:11.832Z" },
]
